
Microsoft Visual Studio Solution File, Format Version 12.00
# Visual Studio Version 16
VisualStudioVersion = 16.0.29613.14
MinimumVisualStudioVersion = 10.0.40219.1
Project("{FAE04EC0-301F-11D3-BF4B-00C04F79EFBC}") = "SreeWebApp1", "SreeWebApp1\SreeWebApp1.csproj", "{0A73B568-2320-4BC2-B8FF-B1E8DD9D5EF8}"
EndProject
Global
	GlobalSection(SolutionConfigurationPlatforms) = preSolution
		Debug|Any CPU = Debug|Any CPU
		Release|Any CPU = Release|Any CPU
	EndGlobalSection
	GlobalSection(ProjectConfigurationPlatforms) = postSolution
		{0A73B568-2320-4BC2-B8FF-B1E8DD9D5EF8}.Debug|Any CPU.ActiveCfg = Debug|Any CPU
		{0A73B568-2320-4BC2-B8FF-B1E8DD9D5EF8}.Debug|Any CPU.Build.0 = Debug|Any CPU
		{0A73B568-2320-4BC2-B8FF-B1E8DD9D5EF8}.Release|Any CPU.ActiveCfg = Release|Any CPU
		{0A73B568-2320-4BC2-B8FF-B1E8DD9D5EF8}.Release|Any CPU.Build.0 = Release|Any CPU
	EndGlobalSection
	GlobalSection(SolutionProperties) = preSolution
		HideSolutionNode = FALSE
	EndGlobalSection
	GlobalSection(ExtensibilityGlobals) = postSolution
		SolutionGuid = {0D3AC88D-96CC-4D80-9216-242422B55C68}
	EndGlobalSection
EndGlobal
